
Microsoft Visual Studio Solution File, Format Version 12.00
# Visual Studio Version 16
VisualStudioVersion = 16.0.30114.105
MinimumVisualStudioVersion = 10.0.40219.1
Project("{FAE04EC0-301F-11D3-BF4B-00C04F79EFBC}") = "tetris", "tetris\tetris.csproj", "{70DAC95E-94BA-4955-9E0D-9D4D5504C393}"
EndProject
Global
	GlobalSection(SolutionConfigurationPlatforms) = preSolution
		Debug|Any CPU = Debug|Any CPU
		Release|Any CPU = Release|Any CPU
	EndGlobalSection
	GlobalSection(ProjectConfigurationPlatforms) = postSolution
		{70DAC95E-94BA-4955-9E0D-9D4D5504C393}.Debug|Any CPU.ActiveCfg = Debug|Any CPU
		{70DAC95E-94BA-4955-9E0D-9D4D5504C393}.Debug|Any CPU.Build.0 = Debug|Any CPU
		{70DAC95E-94BA-4955-9E0D-9D4D5504C393}.Release|Any CPU.ActiveCfg = Release|Any CPU
		{70DAC95E-94BA-4955-9E0D-9D4D5504C393}.Release|Any CPU.Build.0 = Release|Any CPU
	EndGlobalSection
	GlobalSection(SolutionProperties) = preSolution
		HideSolutionNode = FALSE
	EndGlobalSection
	GlobalSection(ExtensibilityGlobals) = postSolution
		SolutionGuid = {E211EC06-DBF6-42A2-A9B3-3001025887D9}
	EndGlobalSection
EndGlobal
